
Microsoft Visual Studio Solution File, Format Version 12.00
# Visual Studio Version 16
VisualStudioVersion = 16.0.29709.97
MinimumVisualStudioVersion = 10.0.40219.1
Project("{FAE04EC0-301F-11D3-BF4B-00C04F79EFBC}") = "TheStore", "TheStore\TheStore.csproj", "{5CEA9A2E-F831-49FE-9CC1-3FF665EECB6D}"
EndProject
Global
	GlobalSection(SolutionConfigurationPlatforms) = preSolution
		Debug|Any CPU = Debug|Any CPU
		Release|Any CPU = Release|Any CPU
	EndGlobalSection
	GlobalSection(ProjectConfigurationPlatforms) = postSolution
		{5CEA9A2E-F831-49FE-9CC1-3FF665EECB6D}.Debug|Any CPU.ActiveCfg = Debug|Any CPU
		{5CEA9A2E-F831-49FE-9CC1-3FF665EECB6D}.Debug|Any CPU.Build.0 = Debug|Any CPU
		{5CEA9A2E-F831-49FE-9CC1-3FF665EECB6D}.Release|Any CPU.ActiveCfg = Release|Any CPU
		{5CEA9A2E-F831-49FE-9CC1-3FF665EECB6D}.Release|Any CPU.Build.0 = Release|Any CPU
	EndGlobalSection
	GlobalSection(SolutionProperties) = preSolution
		HideSolutionNode = FALSE
	EndGlobalSection
	GlobalSection(ExtensibilityGlobals) = postSolution
		SolutionGuid = {909BECCF-EDEE-4B84-A759-FAB34D84A6BC}
	EndGlobalSection
EndGlobal
